
Microsoft Visual Studio Solution File, Format Version 12.00
# Visual Studio Version 17
VisualStudioVersion = 17.14.36429.23 d17.14
MinimumVisualStudioVersion = 10.0.40219.1
Project("{FAE04EC0-301F-11D3-BF4B-00C04F79EFBC}") = "CuatroPatas.API", "CuatroPatas.API.csproj", "{39F75983-481B-444D-827A-44D54203CE4C}"
EndProject
Global
	GlobalSection(SolutionConfigurationPlatforms) = preSolution
		Debug|Any CPU = Debug|Any CPU
		Release|Any CPU = Release|Any CPU
	EndGlobalSection
	GlobalSection(ProjectConfigurationPlatforms) = postSolution
		{39F75983-481B-444D-827A-44D54203CE4C}.Debug|Any CPU.ActiveCfg = Debug|Any CPU
		{39F75983-481B-444D-827A-44D54203CE4C}.Debug|Any CPU.Build.0 = Debug|Any CPU
		{39F75983-481B-444D-827A-44D54203CE4C}.Release|Any CPU.ActiveCfg = Release|Any CPU
		{39F75983-481B-444D-827A-44D54203CE4C}.Release|Any CPU.Build.0 = Release|Any CPU
	EndGlobalSection
	GlobalSection(SolutionProperties) = preSolution
		HideSolutionNode = FALSE
	EndGlobalSection
	GlobalSection(ExtensibilityGlobals) = postSolution
		SolutionGuid = {69D3641C-56CC-40D9-B5DD-70F0655866B8}
	EndGlobalSection
EndGlobal
